dependencies:
- name: loki
  repository: https://grafana.github.io/helm-charts
  version: 5.48.0
- name: promtail
  repository: https://grafana.github.io/helm-charts
  version: 6.17.1
- name: tempo
  repository: https://grafana.github.io/helm-charts
  version: 1.24.4
- name: kube-prometheus-stack
  repository: https://prometheus-community.github.io/helm-charts
  version: 56.21.4
- name: kiali-server
  repository: https://kiali.org/helm-charts
  version: 1.89.7
digest: sha256:eb8ca7552a49530f545e44c5d5bf9a7b569f667e7f0f3fbc20a0c36bb051dd41
generated: "2026-07-10T22:30:15.299815363+07:00"
