dependencies:
- name: postgresql
  repository: https://charts.bitnami.com/bitnami
  version: 15.5.38
- name: keycloak
  repository: https://charts.bitnami.com/bitnami
  version: 21.8.0
- name: kafka
  repository: https://charts.bitnami.com/bitnami
  version: 26.11.4
- name: redis
  repository: https://charts.bitnami.com/bitnami
  version: 18.19.4
- name: elasticsearch
  repository: https://charts.bitnami.com/bitnami
  version: 19.21.2
digest: sha256:40c4e3c00aad1e21fc2217609dfaa902ed3bfb8204124c6e66d3a5f432a9aef1
generated: "2026-07-07T07:52:49.298119111Z"
